
Microsoft Visual Studio Solution File, Format Version 12.00
# Visual Studio Version 17
VisualStudioVersion = 17.2.32519.379
MinimumVisualStudioVersion = 10.0.40219.1
Project("{FAE04EC0-301F-11D3-BF4B-00C04F79EFBC}") = "KiemTra_NguyenMinhNhat", "KiemTra_NguyenMinhNhat\KiemTra_NguyenMinhNhat.csproj", "{192B00CB-09CD-4561-873E-0FBCCC026B14}"
EndProject
Global
	GlobalSection(SolutionConfigurationPlatforms) = preSolution
		Debug|Any CPU = Debug|Any CPU
		Release|Any CPU = Release|Any CPU
	EndGlobalSection
	GlobalSection(ProjectConfigurationPlatforms) = postSolution
		{192B00CB-09CD-4561-873E-0FBCCC026B14}.Debug|Any CPU.ActiveCfg = Debug|Any CPU
		{192B00CB-09CD-4561-873E-0FBCCC026B14}.Debug|Any CPU.Build.0 = Debug|Any CPU
		{192B00CB-09CD-4561-873E-0FBCCC026B14}.Release|Any CPU.ActiveCfg = Release|Any CPU
		{192B00CB-09CD-4561-873E-0FBCCC026B14}.Release|Any CPU.Build.0 = Release|Any CPU
	EndGlobalSection
	GlobalSection(SolutionProperties) = preSolution
		HideSolutionNode = FALSE
	EndGlobalSection
	GlobalSection(ExtensibilityGlobals) = postSolution
		SolutionGuid = {EB591857-C18F-46C0-BE7F-1FF4F93D0FAE}
	EndGlobalSection
EndGlobal
